{
  "name": "dotfiles",
  "version": "0.0.1",
  "lockfileVersion": 1,
  "requires": true,
  "dependencies": {
    "fileicon": {
      "version": "0.2.1",
      "resolved": "https://registry.npmjs.org/fileicon/-/fileicon-0.2.1.tgz",
      "integrity": "sha512-Lsf5ziKNFmHU9CpCr0LYsum3emnuq0H1MlkxrWui4+BL7Wc5ANSiC/NBFFKttjml0VUebAUUrXLiGkAwj59i0w=="
    }
  }
}
